
Microsoft Visual Studio Solution File, Format Version 12.00
# Visual Studio 15
VisualStudioVersion = 15.0.28307.421
MinimumVisualStudioVersion = 10.0.40219.1
Project("{FAE04EC0-301F-11D3-BF4B-00C04F79EFBC}") = "BusinessLayer", "BusinessLayer\BusinessLayer.csproj", "{451134D5-783D-4418-84E2-93C16BC51586}"
EndProject
Project("{FAE04EC0-301F-11D3-BF4B-00C04F79EFBC}") = "OurConsole", "OurConsole\OurConsole.csproj", "{CDD3F9DA-9CCF-4389-B68A-2DCDD23F9729}"
EndProject
Project("{FAE04EC0-301F-11D3-BF4B-00C04F79EFBC}") = "DataLayer", "DataLayer\DataLayer.csproj", "{790E031E-8574-46EE-8B3A-87DE3098B39C}"
EndProject
Project("{FAE04EC0-301F-11D3-BF4B-00C04F79EFBC}") = "CrossLevel", "CrossLevel\CrossLevel.csproj", "{3C49309D-A58F-4DD9-A4E6-4E73842AB940}"
EndProject
Global
	GlobalSection(SolutionConfigurationPlatforms) = preSolution
		Debug|Any CPU = Debug|Any CPU
		Release|Any CPU = Release|Any CPU
	EndGlobalSection
	GlobalSection(ProjectConfigurationPlatforms) = postSolution
		{451134D5-783D-4418-84E2-93C16BC51586}.Debug|Any CPU.ActiveCfg = Debug|Any CPU
		{451134D5-783D-4418-84E2-93C16BC51586}.Debug|Any CPU.Build.0 = Debug|Any CPU
		{451134D5-783D-4418-84E2-93C16BC51586}.Release|Any CPU.ActiveCfg = Release|Any CPU
		{451134D5-783D-4418-84E2-93C16BC51586}.Release|Any CPU.Build.0 = Release|Any CPU
		{CDD3F9DA-9CCF-4389-B68A-2DCDD23F9729}.Debug|Any CPU.ActiveCfg = Debug|Any CPU
		{CDD3F9DA-9CCF-4389-B68A-2DCDD23F9729}.Debug|Any CPU.Build.0 = Debug|Any CPU
		{CDD3F9DA-9CCF-4389-B68A-2DCDD23F9729}.Release|Any CPU.ActiveCfg = Release|Any CPU
		{CDD3F9DA-9CCF-4389-B68A-2DCDD23F9729}.Release|Any CPU.Build.0 = Release|Any CPU
		{790E031E-8574-46EE-8B3A-87DE3098B39C}.Debug|Any CPU.ActiveCfg = Debug|Any CPU
		{790E031E-8574-46EE-8B3A-87DE3098B39C}.Debug|Any CPU.Build.0 = Debug|Any CPU
		{790E031E-8574-46EE-8B3A-87DE3098B39C}.Release|Any CPU.ActiveCfg = Release|Any CPU
		{790E031E-8574-46EE-8B3A-87DE3098B39C}.Release|Any CPU.Build.0 = Release|Any CPU
		{3C49309D-A58F-4DD9-A4E6-4E73842AB940}.Debug|Any CPU.ActiveCfg = Debug|Any CPU
		{3C49309D-A58F-4DD9-A4E6-4E73842AB940}.Debug|Any CPU.Build.0 = Debug|Any CPU
		{3C49309D-A58F-4DD9-A4E6-4E73842AB940}.Release|Any CPU.ActiveCfg = Release|Any CPU
		{3C49309D-A58F-4DD9-A4E6-4E73842AB940}.Release|Any CPU.Build.0 = Release|Any CPU
	EndGlobalSection
	GlobalSection(SolutionProperties) = preSolution
		HideSolutionNode = FALSE
	EndGlobalSection
	GlobalSection(ExtensibilityGlobals) = postSolution
		SolutionGuid = {90406027-EF49-42A5-835E-4A8AEC7D0F15}
	EndGlobalSection
EndGlobal
